
Microsoft Visual Studio Solution File, Format Version 12.00
# Visual Studio Version 16
VisualStudioVersion = 16.0.30204.135
MinimumVisualStudioVersion = 10.0.40219.1
Project("{9A19103F-16F7-4668-BE54-9A1E7A4F7556}") = "FundaTest", "FundaTest\FundaTest.csproj", "{4912F31B-838B-4CDA-BECB-ED7667D3098F}"
EndProject
Project("{9A19103F-16F7-4668-BE54-9A1E7A4F7556}") = "PropertyServices", "FundaServices\PropertyServices.csproj", "{6D90AC23-526F-4486-A16A-224E22EBBE41}"
EndProject
Project("{FAE04EC0-301F-11D3-BF4B-00C04F79EFBC}") = "UnitTests", "UnitTests\UnitTests.csproj", "{A9FF9046-35C1-4A9D-BF26-515BAAC74E9D}"
EndProject
Global
	GlobalSection(SolutionConfigurationPlatforms) = preSolution
		Debug|Any CPU = Debug|Any CPU
		Release|Any CPU = Release|Any CPU
	EndGlobalSection
	GlobalSection(ProjectConfigurationPlatforms) = postSolution
		{4912F31B-838B-4CDA-BECB-ED7667D3098F}.Debug|Any CPU.ActiveCfg = Debug|Any CPU
		{4912F31B-838B-4CDA-BECB-ED7667D3098F}.Debug|Any CPU.Build.0 = Debug|Any CPU
		{4912F31B-838B-4CDA-BECB-ED7667D3098F}.Release|Any CPU.ActiveCfg = Release|Any CPU
		{4912F31B-838B-4CDA-BECB-ED7667D3098F}.Release|Any CPU.Build.0 = Release|Any CPU
		{6D90AC23-526F-4486-A16A-224E22EBBE41}.Debug|Any CPU.ActiveCfg = Debug|Any CPU
		{6D90AC23-526F-4486-A16A-224E22EBBE41}.Debug|Any CPU.Build.0 = Debug|Any CPU
		{6D90AC23-526F-4486-A16A-224E22EBBE41}.Release|Any CPU.ActiveCfg = Release|Any CPU
		{6D90AC23-526F-4486-A16A-224E22EBBE41}.Release|Any CPU.Build.0 = Release|Any CPU
		{A9FF9046-35C1-4A9D-BF26-515BAAC74E9D}.Debug|Any CPU.ActiveCfg = Debug|Any CPU
		{A9FF9046-35C1-4A9D-BF26-515BAAC74E9D}.Debug|Any CPU.Build.0 = Debug|Any CPU
		{A9FF9046-35C1-4A9D-BF26-515BAAC74E9D}.Release|Any CPU.ActiveCfg = Release|Any CPU
		{A9FF9046-35C1-4A9D-BF26-515BAAC74E9D}.Release|Any CPU.Build.0 = Release|Any CPU
	EndGlobalSection
	GlobalSection(SolutionProperties) = preSolution
		HideSolutionNode = FALSE
	EndGlobalSection
	GlobalSection(ExtensibilityGlobals) = postSolution
		SolutionGuid = {4B6D5BCD-192F-4560-AEBB-7202FFB30854}
	EndGlobalSection
EndGlobal
